// !$*UTF8*$!
{
	archiveVersion = 1;
	classes = {
	};
	objectVersion = 48;
	objects = {

/* Begin PBXBuildFile section */
		557C1381A1D9BC93EE4B7958 /* Pods_FlixUITests.framework in Frameworks */ = {isa = PBXBuildFile; fileRef = 45CC461BF12473E9FAF9D289 /* Pods_FlixUITests.framework */; };
		90F9117076F2C69D9818BE03 /* Pods_Flix.framework in Frameworks */ = {isa = PBXBuildFile; fileRef = 693C5588C4BD3C756F5B6D45 /* Pods_Flix.framework */; };
		CB268CD3284E87F099D3176D /* Pods_FlixTests.framework in Frameworks */ = {isa = PBXBuildFile; fileRef = 97D22C3C093FE6957AFD7D4C /* Pods_FlixTests.framework */; };
		D39981A620212D280060C0C4 /* MovieCell.swift in Sources */ = {isa = PBXBuildFile; fileRef = D39981A520212D280060C0C4 /* MovieCell.swift */; };
		D39B937E201F01FF0032DC42 /* AppDelegate.swift in Sources */ = {isa = PBXBuildFile; fileRef = D39B937D201F01FF0032DC42 /* AppDelegate.swift */; };
		D39B9383201F01FF0032DC42 /* Main.storyboard in Resources */ = {isa = PBXBuildFile; fileRef = D39B9381201F01FF0032DC42 /* Main.storyboard */; };
		D39B9385201F01FF0032DC42 /* Assets.xcassets in Resources */ = {isa = PBXBuildFile; fileRef = D39B9384201F01FF0032DC42 /* Assets.xcassets */; };
		D39B9388201F01FF0032DC42 /* LaunchScreen.storyboard in Resources */ = {isa = PBXBuildFile; fileRef = D39B9386201F01FF0032DC42 /* LaunchScreen.storyboard */; };
		D39B9393201F01FF0032DC42 /* FlixTests.swift in Sources */ = {isa = PBXBuildFile; fileRef = D39B9392201F01FF0032DC42 /* FlixTests.swift */; };
		D39B939E201F01FF0032DC42 /* FlixUITests.swift in Sources */ = {isa = PBXBuildFile; fileRef = D39B939D201F01FF0032DC42 /* FlixUITests.swift */; };
		D3C680A62020584D00A82E9A /* NowPlayingViewController.swift in Sources */ = {isa = PBXBuildFile; fileRef = D3C680A52020584D00A82E9A /* NowPlayingViewController.swift */; };
/* End PBXBuildFile section */

/* Begin PBXContainerItemProxy section */
		D39B938F201F01FF0032DC42 /* PBXContainerItemProxy */ = {
			isa = PBXContainerItemProxy;
			containerPortal = D39B9372201F01FF0032DC42 /* Project object */;
			proxyType = 1;
			remoteGlobalIDString = D39B9379201F01FF0032DC42;
			remoteInfo = Flix;
		};
		D39B939A201F01FF0032DC42 /* PBXContainerItemProxy */ = {
			isa = PBXContainerItemProxy;
			containerPortal = D39B9372201F01FF0032DC42 /* Project object */;
			proxyType = 1;
			remoteGlobalIDString = D39B9379201F01FF0032DC42;
			remoteInfo = Flix;
		};
/* End PBXContainerItemProxy section */

/* Begin PBXFileReference section */
		0A5058E8E0B7C33ADE74F911 /* Pods-Flix.release.xcconfig */ = {isa = PBXFileReference; includeInIndex = 1; lastKnownFileType = text.xcconfig; name = "Pods-Flix.release.xcconfig"; path = "Pods/Target Support Files/Pods-Flix/Pods-Flix.release.xcconfig"; sourceTree = "<group>"; };
		45CC461BF12473E9FAF9D289 /* Pods_FlixUITests.framework */ = {isa = PBXFileReference; explicitFileType = wrapper.framework; includeInIndex = 0; path = Pods_FlixUITests.framework; sourceTree = BUILT_PRODUCTS_DIR; };
		476D483DB097CF4980BE7074 /* Pods-Flix.debug.xcconfig */ = {isa = PBXFileReference; includeInIndex = 1; lastKnownFileType = text.xcconfig; name = "Pods-Flix.debug.xcconfig"; path = "Pods/Target Support Files/Pods-Flix/Pods-Flix.debug.xcconfig"; sourceTree = "<group>"; };
		4D452FC735F4DAAE041A41A2 /* Pods-FlixUITests.debug.xcconfig */ = {isa = PBXFileReference; includeInIndex = 1; lastKnownFileType = text.xcconfig; name = "Pods-FlixUITests.debug.xcconfig"; path = "Pods/Target Support Files/Pods-FlixUITests/Pods-FlixUITests.debug.xcconfig"; sourceTree = "<group>"; };
		4E474184B877304E457D1FEC /* Pods-FlixTests.debug.xcconfig */ = {isa = PBXFileReference; includeInIndex = 1; lastKnownFileType = text.xcconfig; name = "Pods-FlixTests.debug.xcconfig"; path = "Pods/Target Support Files/Pods-FlixTests/Pods-FlixTests.debug.xcconfig"; sourceTree = "<group>"; };
		551BEBAE1BE0B9482747C5B2 /* Pods-FlixUITests.release.xcconfig */ = {isa = PBXFileReference; includeInIndex = 1; lastKnownFileType = text.xcconfig; name = "Pods-FlixUITests.release.xcconfig"; path = "Pods/Target Support Files/Pods-FlixUITests/Pods-FlixUITests.release.xcconfig"; sourceTree = "<group>"; };
		5F22CAC24468D6570499857E /* Pods-FlixTests.release.xcconfig */ = {isa = PBXFileReference; includeInIndex = 1; lastKnownFileType = text.xcconfig; name = "Pods-FlixTests.release.xcconfig"; path = "Pods/Target Support Files/Pods-FlixTests/Pods-FlixTests.release.xcconfig"; sourceTree = "<group>"; };
		693C5588C4BD3C756F5B6D45 /* Pods_Flix.framework */ = {isa = PBXFileReference; explicitFileType = wrapper.framework; includeInIndex = 0; path = Pods_Flix.framework; sourceTree = BUILT_PRODUCTS_DIR; };
		97D22C3C093FE6957AFD7D4C /* Pods_FlixTests.framework */ = {isa = PBXFileReference; explicitFileType = wrapper.framework; includeInIndex = 0; path = Pods_FlixTests.framework; sourceTree = BUILT_PRODUCTS_DIR; };
		D39981A520212D280060C0C4 /* MovieCell.swift */ = {isa = PBXFileReference; lastKnownFileType = sourcecode.swift; path = MovieCell.swift; sourceTree = "<group>"; };
		D39B937A201F01FF0032DC42 /* Flix.app */ = {isa = PBXFileReference; explicitFileType = wrapper.application; includeInIndex = 0; path = Flix.app; sourceTree = BUILT_PRODUCTS_DIR; };
		D39B937D201F01FF0032DC42 /* AppDelegate.swift */ = {isa = PBXFileReference; lastKnownFileType = sourcecode.swift; path = AppDelegate.swift; sourceTree = "<group>"; };
		D39B9382201F01FF0032DC42 /* Base */ = {isa = PBXFileReference; lastKnownFileType = file.storyboard; name = Base; path = Base.lproj/Main.storyboard; sourceTree = "<group>"; };
		D39B9384201F01FF0032DC42 /* Assets.xcassets */ = {isa = PBXFileReference; lastKnownFileType = folder.assetcatalog; path = Assets.xcassets; sourceTree = "<group>"; };
		D39B9387201F01FF0032DC42 /* Base */ = {isa = PBXFileReference; lastKnownFileType = file.storyboard; name = Base; path = Base.lproj/LaunchScreen.storyboard; sourceTree = "<group>"; };
		D39B9389201F01FF0032DC42 /* Info.plist */ = {isa = PBXFileReference; lastKnownFileType = text.plist.xml; path = Info.plist; sourceTree = "<group>"; };
		D39B938E201F01FF0032DC42 /* FlixTests.xctest */ = {isa = PBXFileReference; explicitFileType = wrapper.cfbundle; includeInIndex = 0; path = FlixTests.xctest; sourceTree = BUILT_PRODUCTS_DIR; };
		D39B9392201F01FF0032DC42 /* FlixTests.swift */ = {isa = PBXFileReference; lastKnownFileType = sourcecode.swift; path = FlixTests.swift; sourceTree = "<group>"; };
		D39B9394201F01FF0032DC42 /* Info.plist */ = {isa = PBXFileReference; lastKnownFileType = text.plist.xml; path = Info.plist; sourceTree = "<group>"; };
		D39B9399201F01FF0032DC42 /* FlixUITests.xctest */ = {isa = PBXFileReference; explicitFileType = wrapper.cfbundle; includeInIndex = 0; path = FlixUITests.xctest; sourceTree = BUILT_PRODUCTS_DIR; };
		D39B939D201F01FF0032DC42 /* FlixUITests.swift */ = {isa = PBXFileReference; lastKnownFileType = sourcecode.swift; path = FlixUITests.swift; sourceTree = "<group>"; };
		D39B939F201F01FF0032DC42 /* Info.plist */ = {isa = PBXFileReference; lastKnownFileType = text.plist.xml; path = Info.plist; sourceTree = "<group>"; };
		D3C680A52020584D00A82E9A /* NowPlayingViewController.swift */ = {isa = PBXFileReference; lastKnownFileType = sourcecode.swift; path = NowPlayingViewController.swift; sourceTree = "<group>"; };
/* End PBXFileReference section */

/* Begin PBXFrameworksBuildPhase section */
		D39B9377201F01FF0032DC42 /* Frameworks */ = {
			isa = PBXFrameworksBuildPhase;
			buildActionMask = 2147483647;
			files = (
				90F9117076F2C69D9818BE03 /* Pods_Flix.framework in Frameworks */,
			);
			runOnlyForDeploymentPostprocessing = 0;
		};
		D39B938B201F01FF0032DC42 /* Frameworks */ = {
			isa = PBXFrameworksBuildPhase;
			buildActionMask = 2147483647;
			files = (
				CB268CD3284E87F099D3176D /* Pods_FlixTests.framework in Frameworks */,
			);
			runOnlyForDeploymentPostprocessing = 0;
		};
		D39B9396201F01FF0032DC42 /* Frameworks */ = {
			isa = PBXFrameworksBuildPhase;
			buildActionMask = 2147483647;
			files = (
				557C1381A1D9BC93EE4B7958 /* Pods_FlixUITests.framework in Frameworks */,
			);
			runOnlyForDeploymentPostprocessing = 0;
		};
/* End PBXFrameworksBuildPhase section */

/* Begin PBXGroup section */
		7BBD1BAFCA06365A6C2233CA /* Frameworks */ = {
			isa = PBXGroup;
			children = (
				693C5588C4BD3C756F5B6D45 /* Pods_Flix.framework */,
				97D22C3C093FE6957AFD7D4C /* Pods_FlixTests.framework */,
				45CC461BF12473E9FAF9D289 /* Pods_FlixUITests.framework */,
			);
			name = Frameworks;
			sourceTree = "<group>";
		};
		D39B9371201F01FF0032DC42 = {
			isa = PBXGroup;
			children = (
				D39B937C201F01FF0032DC42 /* Flix */,
				D39B9391201F01FF0032DC42 /* FlixTests */,
				D39B939C201F01FF0032DC42 /* FlixUITests */,
				D39B937B201F01FF0032DC42 /* Products */,
				F61C076260CAE785A48D5FDD /* Pods */,
				7BBD1BAFCA06365A6C2233CA /* Frameworks */,
			);
			sourceTree = "<group>";
		};
		D39B937B201F01FF0032DC42 /* Products */ = {
			isa = PBXGroup;
			children = (
				D39B937A201F01FF0032DC42 /* Flix.app */,
				D39B938E201F01FF0032DC42 /* FlixTests.xctest */,
				D39B9399201F01FF0032DC42 /* FlixUITests.xctest */,
			);
			name = Products;
			sourceTree = "<group>";
		};
		D39B937C201F01FF0032DC42 /* Flix */ = {
			isa = PBXGroup;
			children = (
				D3C680A52020584D00A82E9A /* NowPlayingViewController.swift */,
				D39B937D201F01FF0032DC42 /* AppDelegate.swift */,
				D39B9381201F01FF0032DC42 /* Main.storyboard */,
				D39B9384201F01FF0032DC42 /* Assets.xcassets */,
				D39B9386201F01FF0032DC42 /* LaunchScreen.storyboard */,
				D39B9389201F01FF0032DC42 /* Info.plist */,
				D39981A520212D280060C0C4 /* MovieCell.swift */,
			);
			path = Flix;
			sourceTree = "<group>";
		};
		D39B9391201F01FF0032DC42 /* FlixTests */ = {
			isa = PBXGroup;
			children = (
				D39B9392201F01FF0032DC42 /* FlixTests.swift */,
				D39B9394201F01FF0032DC42 /* Info.plist */,
			);
			path = FlixTests;
			sourceTree = "<group>";
		};
		D39B939C201F01FF0032DC42 /* FlixUITests */ = {
			isa = PBXGroup;
			children = (
				D39B939D201F01FF0032DC42 /* FlixUITests.swift */,
				D39B939F201F01FF0032DC42 /* Info.plist */,
			);
			path = FlixUITests;
			sourceTree = "<group>";
		};
		F61C076260CAE785A48D5FDD /* Pods */ = {
			isa = PBXGroup;
			children = (
				476D483DB097CF4980BE7074 /* Pods-Flix.debug.xcconfig */,
				0A5058E8E0B7C33ADE74F911 /* Pods-Flix.release.xcconfig */,
				4E474184B877304E457D1FEC /* Pods-FlixTests.debug.xcconfig */,
				5F22CAC24468D6570499857E /* Pods-FlixTests.release.xcconfig */,
				4D452FC735F4DAAE041A41A2 /* Pods-FlixUITests.debug.xcconfig */,
				551BEBAE1BE0B9482747C5B2 /* Pods-FlixUITests.release.xcconfig */,
			);
			name = Pods;
			sourceTree = "<group>";
		};
/* End PBXGroup section */

/* Begin PBXNativeTarget section */
		D39B9379201F01FF0032DC42 /* Flix */ = {
			isa = PBXNativeTarget;
			buildConfigurationList = D39B93A2201F01FF0032DC42 /* Build configuration list for PBXNativeTarget "Flix" */;
			buildPhases = (
				8154F61329E402B7AEC744F3 /* [CP] Check Pods Manifest.lock */,
				D39B9376201F01FF0032DC42 /* Sources */,
				D39B9377201F01FF0032DC42 /* Frameworks */,
				D39B9378201F01FF0032DC42 /* Resources */,
				CC6FC2C6D0FCAA85A69BF255 /* [CP] Embed Pods Frameworks */,
				96A77F69552CF1319B918531 /* [CP] Copy Pods Resources */,
			);
			buildRules = (
			);
			dependencies = (
			);
			name = Flix;
			productName = Flix;
			productReference = D39B937A201F01FF0032DC42 /* Flix.app */;
			productType = "com.apple.product-type.application";
		};
		D39B938D201F01FF0032DC42 /* FlixTests */ = {
			isa = PBXNativeTarget;
			buildConfigurationList = D39B93A5201F01FF0032DC42 /* Build configuration list for PBXNativeTarget "FlixTests" */;
			buildPhases = (
				4E4D1610F46E9DFFD918CB26 /* [CP] Check Pods Manifest.lock */,
				D39B938A201F01FF0032DC42 /* Sources */,
				D39B938B201F01FF0032DC42 /* Frameworks */,
				D39B938C201F01FF0032DC42 /* Resources */,
				66B8E584DDF29E42A52EE751 /* [CP] Embed Pods Frameworks */,
				2899960FD1726852DCB22B53 /* [CP] Copy Pods Resources */,
			);
			buildRules = (
			);
			dependencies = (
				D39B9390201F01FF0032DC42 /* PBXTargetDependency */,
			);
			name = FlixTests;
			productName = FlixTests;
			productReference = D39B938E201F01FF0032DC42 /* FlixTests.xctest */;
			productType = "com.apple.product-type.bundle.unit-test";
		};
		D39B9398201F01FF0032DC42 /* FlixUITests */ = {
			isa = PBXNativeTarget;
			buildConfigurationList = D39B93A8201F01FF0032DC42 /* Build configuration list for PBXNativeTarget "FlixUITests" */;
			buildPhases = (
				AD5B7FF4B6945B9C79AE22EC /* [CP] Check Pods Manifest.lock */,
				D39B9395201F01FF0032DC42 /* Sources */,
				D39B9396201F01FF0032DC42 /* Frameworks */,
				D39B9397201F01FF0032DC42 /* Resources */,
				8402BA2BFD207BA5E31F3177 /* [CP] Embed Pods Frameworks */,
				7DCC761F1EC690F64AA15DAD /* [CP] Copy Pods Resources */,
			);
			buildRules = (
			);
			dependencies = (
				D39B939B201F01FF0032DC42 /* PBXTargetDependency */,
			);
			name = FlixUITests;
			productName = FlixUITests;
			productReference = D39B9399201F01FF0032DC42 /* FlixUITests.xctest */;
			productType = "com.apple.product-type.bundle.ui-testing";
		};
/* End PBXNativeTarget section */

/* Begin PBXProject section */
		D39B9372201F01FF0032DC42 /* Project object */ = {
			isa = PBXProject;
			attributes = {
				LastSwiftUpdateCheck = 0920;
				LastUpgradeCheck = 0920;
				ORGANIZATIONNAME = "Alberto Nencioni";
				TargetAttributes = {
					D39B9379201F01FF0032DC42 = {
						CreatedOnToolsVersion = 9.2;
						ProvisioningStyle = Automatic;
					};
					D39B938D201F01FF0032DC42 = {
						CreatedOnToolsVersion = 9.2;
						ProvisioningStyle = Automatic;
						TestTargetID = D39B9379201F01FF0032DC42;
					};
					D39B9398201F01FF0032DC42 = {
						CreatedOnToolsVersion = 9.2;
						ProvisioningStyle = Automatic;
						TestTargetID = D39B9379201F01FF0032DC42;
					};
				};
			};
			buildConfigurationList = D39B9375201F01FF0032DC42 /* Build configuration list for PBXProject "Flix" */;
			compatibilityVersion = "Xcode 8.0";
			developmentRegion = en;
			hasScannedForEncodings = 0;
			knownRegions = (
				en,
				Base,
			);
			mainGroup = D39B9371201F01FF0032DC42;
			productRefGroup = D39B937B201F01FF0032DC42 /* Products */;
			projectDirPath = "";
			projectRoot = "";
			targets = (
				D39B9379201F01FF0032DC42 /* Flix */,
				D39B938D201F01FF0032DC42 /* FlixTests */,
				D39B9398201F01FF0032DC42 /* FlixUITests */,
			);
		};
/* End PBXProject section */

/* Begin PBXResourcesBuildPhase section */
		D39B9378201F01FF0032DC42 /* Resources */ = {
			isa = PBXResourcesBuildPhase;
			buildActionMask = 2147483647;
			files = (
				D39B9388201F01FF0032DC42 /* LaunchScreen.storyboard in Resources */,
				D39B9385201F01FF0032DC42 /* Assets.xcassets in Resources */,
				D39B9383201F01FF0032DC42 /* Main.storyboard in Resources */,
			);
			runOnlyForDeploymentPostprocessing = 0;
		};
		D39B938C201F01FF0032DC42 /* Resources */ = {
			isa = PBXResourcesBuildPhase;
			buildActionMask = 2147483647;
			files = (
			);
			runOnlyForDeploymentPostprocessing = 0;
		};
		D39B9397201F01FF0032DC42 /* Resources */ = {
			isa = PBXResourcesBuildPhase;
			buildActionMask = 2147483647;
			files = (
			);
			runOnlyForDeploymentPostprocessing = 0;
		};
/* End PBXResourcesBuildPhase section */

/* Begin PBXShellScriptBuildPhase section */
		2899960FD1726852DCB22B53 /* [CP] Copy Pods Resources */ = {
			isa = PBXShellScriptBuildPhase;
			buildActionMask = 2147483647;
			files = (
			);
			inputPaths = (
			);
			name = "[CP] Copy Pods Resources";
			outputPaths = (
			);
			runOnlyForDeploymentPostprocessing = 0;
			shellPath = /bin/sh;
			shellScript = "\"${SRCROOT}/Pods/Target Support Files/Pods-FlixTests/Pods-FlixTests-resources.sh\"\n";
			showEnvVarsInLog = 0;
		};
		4E4D1610F46E9DFFD918CB26 /* [CP] Check Pods Manifest.lock */ = {
			isa = PBXShellScriptBuildPhase;
			buildActionMask = 2147483647;
			files = (
			);
			inputPaths = (
				"${PODS_PODFILE_DIR_PATH}/Podfile.lock",
				"${PODS_ROOT}/Manifest.lock",
			);
			name = "[CP] Check Pods Manifest.lock";
			outputPaths = (
				"$(DERIVED_FILE_DIR)/Pods-FlixTests-checkManifestLockResult.txt",
			);
			runOnlyForDeploymentPostprocessing = 0;
			shellPath = /bin/sh;
			shellScript = "diff \"${PODS_PODFILE_DIR_PATH}/Podfile.lock\" \"${PODS_ROOT}/Manifest.lock\" > /dev/null\nif [ $? != 0 ] ; then\n    # print error to STDERR\n    echo \"error: The sandbox is not in sync with the Podfile.lock. Run 'pod install' or update your CocoaPods installation.\" >&2\n    exit 1\nfi\n# This output is used by Xcode 'outputs' to avoid re-running this script phase.\necho \"SUCCESS\" > \"${SCRIPT_OUTPUT_FILE_0}\"\n";
			showEnvVarsInLog = 0;
		};
		66B8E584DDF29E42A52EE751 /* [CP] Embed Pods Frameworks */ = {
			isa = PBXShellScriptBuildPhase;
			buildActionMask = 2147483647;
			files = (
			);
			inputPaths = (
			);
			name = "[CP] Embed Pods Frameworks";
			outputPaths = (
			);
			runOnlyForDeploymentPostprocessing = 0;
			shellPath = /bin/sh;
			shellScript = "\"${SRCROOT}/Pods/Target Support Files/Pods-FlixTests/Pods-FlixTests-frameworks.sh\"\n";
			showEnvVarsInLog = 0;
		};
		7DCC761F1EC690F64AA15DAD /* [CP] Copy Pods Resources */ = {
			isa = PBXShellScriptBuildPhase;
			buildActionMask = 2147483647;
			files = (
			);
			inputPaths = (
			);
			name = "[CP] Copy Pods Resources";
			outputPaths = (
			);
			runOnlyForDeploymentPostprocessing = 0;
			shellPath = /bin/sh;
			shellScript = "\"${SRCROOT}/Pods/Target Support Files/Pods-FlixUITests/Pods-FlixUITests-resources.sh\"\n";
			showEnvVarsInLog = 0;
		};
		8154F61329E402B7AEC744F3 /* [CP] Check Pods Manifest.lock */ = {
			isa = PBXShellScriptBuildPhase;
			buildActionMask = 2147483647;
			files = (
			);
			inputPaths = (
				"${PODS_PODFILE_DIR_PATH}/Podfile.lock",
				"${PODS_ROOT}/Manifest.lock",
			);
			name = "[CP] Check Pods Manifest.lock";
			outputPaths = (
				"$(DERIVED_FILE_DIR)/Pods-Flix-checkManifestLockResult.txt",
			);
			runOnlyForDeploymentPostprocessing = 0;
			shellPath = /bin/sh;
			shellScript = "diff \"${PODS_PODFILE_DIR_PATH}/Podfile.lock\" \"${PODS_ROOT}/Manifest.lock\" > /dev/null\nif [ $? != 0 ] ; then\n    # print error to STDERR\n    echo \"error: The sandbox is not in sync with the Podfile.lock. Run 'pod install' or update your CocoaPods installation.\" >&2\n    exit 1\nfi\n# This output is used by Xcode 'outputs' to avoid re-running this script phase.\necho \"SUCCESS\" > \"${SCRIPT_OUTPUT_FILE_0}\"\n";
			showEnvVarsInLog = 0;
		};
		8402BA2BFD207BA5E31F3177 /* [CP] Embed Pods Frameworks */ = {
			isa = PBXShellScriptBuildPhase;
			buildActionMask = 2147483647;
			files = (
			);
			inputPaths = (
			);
			name = "[CP] Embed Pods Frameworks";
			outputPaths = (
			);
			runOnlyForDeploymentPostprocessing = 0;
			shellPath = /bin/sh;
			shellScript = "\"${SRCROOT}/Pods/Target Support Files/Pods-FlixUITests/Pods-FlixUITests-frameworks.sh\"\n";
			showEnvVarsInLog = 0;
		};
		96A77F69552CF1319B918531 /* [CP] Copy Pods Resources */ = {
			isa = PBXShellScriptBuildPhase;
			buildActionMask = 2147483647;
			files = (
			);
			inputPaths = (
			);
			name = "[CP] Copy Pods Resources";
			outputPaths = (
			);
			runOnlyForDeploymentPostprocessing = 0;
			shellPath = /bin/sh;
			shellScript = "\"${SRCROOT}/Pods/Target Support Files/Pods-Flix/Pods-Flix-resources.sh\"\n";
			showEnvVarsInLog = 0;
		};
		AD5B7FF4B6945B9C79AE22EC /* [CP] Check Pods Manifest.lock */ = {
			isa = PBXShellScriptBuildPhase;
			buildActionMask = 2147483647;
			files = (
			);
			inputPaths = (
				"${PODS_PODFILE_DIR_PATH}/Podfile.lock",
				"${PODS_ROOT}/Manifest.lock",
			);
			name = "[CP] Check Pods Manifest.lock";
			outputPaths = (
				"$(DERIVED_FILE_DIR)/Pods-FlixUITests-checkManifestLockResult.txt",
			);
			runOnlyForDeploymentPostprocessing = 0;
			shellPath = /bin/sh;
			shellScript = "diff \"${PODS_PODFILE_DIR_PATH}/Podfile.lock\" \"${PODS_ROOT}/Manifest.lock\" > /dev/null\nif [ $? != 0 ] ; then\n    # print error to STDERR\n    echo \"error: The sandbox is not in sync with the Podfile.lock. Run 'pod install' or update your CocoaPods installation.\" >&2\n    exit 1\nfi\n# This output is used by Xcode 'outputs' to avoid re-running this script phase.\necho \"SUCCESS\" > \"${SCRIPT_OUTPUT_FILE_0}\"\n";
			showEnvVarsInLog = 0;
		};
		CC6FC2C6D0FCAA85A69BF255 /* [CP] Embed Pods Frameworks */ = {
			isa = PBXShellScriptBuildPhase;
			buildActionMask = 2147483647;
			files = (
			);
			inputPaths = (
				"${SRCROOT}/Pods/Target Support Files/Pods-Flix/Pods-Flix-frameworks.sh",
				"${BUILT_PRODUCTS_DIR}/Alamofire/Alamofire.framework",
				"${BUILT_PRODUCTS_DIR}/AlamofireImage/AlamofireImage.framework",
			);
			name = "[CP] Embed Pods Frameworks";
			outputPaths = (
				"${TARGET_BUILD_DIR}/${FRAMEWORKS_FOLDER_PATH}/Alamofire.framework",
				"${TARGET_BUILD_DIR}/${FRAMEWORKS_FOLDER_PATH}/AlamofireImage.framework",
			);
			runOnlyForDeploymentPostprocessing = 0;
			shellPath = /bin/sh;
			shellScript = "\"${SRCROOT}/Pods/Target Support Files/Pods-Flix/Pods-Flix-frameworks.sh\"\n";
			showEnvVarsInLog = 0;
		};
/* End PBXShellScriptBuildPhase section */

/* Begin PBXSourcesBuildPhase section */
		D39B9376201F01FF0032DC42 /* Sources */ = {
			isa = PBXSourcesBuildPhase;
			buildActionMask = 2147483647;
			files = (
				D3C680A62020584D00A82E9A /* NowPlayingViewController.swift in Sources */,
				D39B937E201F01FF0032DC42 /* AppDelegate.swift in Sources */,
				D39981A620212D280060C0C4 /* MovieCell.swift in Sources */,
			);
			runOnlyForDeploymentPostprocessing = 0;
		};
		D39B938A201F01FF0032DC42 /* Sources */ = {
			isa = PBXSourcesBuildPhase;
			buildActionMask = 2147483647;
			files = (
				D39B9393201F01FF0032DC42 /* FlixTests.swift in Sources */,
			);
			runOnlyForDeploymentPostprocessing = 0;
		};
		D39B9395201F01FF0032DC42 /* Sources */ = {
			isa = PBXSourcesBuildPhase;
			buildActionMask = 2147483647;
			files = (
				D39B939E201F01FF0032DC42 /* FlixUITests.swift in Sources */,
			);
			runOnlyForDeploymentPostprocessing = 0;
		};
/* End PBXSourcesBuildPhase section */

/* Begin PBXTargetDependency section */
		D39B9390201F01FF0032DC42 /* PBXTargetDependency */ = {
			isa = PBXTargetDependency;
			target = D39B9379201F01FF0032DC42 /* Flix */;
			targetProxy = D39B938F201F01FF0032DC42 /* PBXContainerItemProxy */;
		};
		D39B939B201F01FF0032DC42 /* PBXTargetDependency */ = {
			isa = PBXTargetDependency;
			target = D39B9379201F01FF0032DC42 /* Flix */;
			targetProxy = D39B939A201F01FF0032DC42 /* PBXContainerItemProxy */;
		};
/* End PBXTargetDependency section */

/* Begin PBXVariantGroup section */
		D39B9381201F01FF0032DC42 /* Main.storyboard */ = {
			isa = PBXVariantGroup;
			children = (
				D39B9382201F01FF0032DC42 /* Base */,
			);
			name = Main.storyboard;
			sourceTree = "<group>";
		};
		D39B9386201F01FF0032DC42 /* LaunchScreen.storyboard */ = {
			isa = PBXVariantGroup;
			children = (
				D39B9387201F01FF0032DC42 /* Base */,
			);
			name = LaunchScreen.storyboard;
			sourceTree = "<group>";
		};
/* End PBXVariantGroup section */

/* Begin XCBuildConfiguration section */
		D39B93A0201F01FF0032DC42 /* Debug */ = {
			isa = XCBuildConfiguration;
			buildSettings = {
				ALWAYS_SEARCH_USER_PATHS = NO;
				CLANG_ANALYZER_NONNULL = YES;
				CLANG_ANALYZER_NUMBER_OBJECT_CONVERSION = YES_AGGRESSIVE;
				CLANG_CXX_LANGUAGE_STANDARD = "gnu++14";
				CLANG_CXX_LIBRARY = "libc++";
				CLANG_ENABLE_MODULES = YES;
				CLANG_ENABLE_OBJC_ARC = YES;
				CLANG_WARN_BLOCK_CAPTURE_AUTORELEASING = YES;
				CLANG_WARN_BOOL_CONVERSION = YES;
				CLANG_WARN_COMMA = YES;
				CLANG_WARN_CONSTANT_CONVERSION = YES;
				CLANG_WARN_DIRECT_OBJC_ISA_USAGE = YES_ERROR;
				CLANG_WARN_DOCUMENTATION_COMMENTS = YES;
				CLANG_WARN_EMPTY_BODY = YES;
				CLANG_WARN_ENUM_CONVERSION = YES;
				CLANG_WARN_INFINITE_RECURSION = YES;
				CLANG_WARN_INT_CONVERSION = YES;
				CLANG_WARN_NON_LITERAL_NULL_CONVERSION = YES;
				CLANG_WARN_OBJC_LITERAL_CONVERSION = YES;
				CLANG_WARN_OBJC_ROOT_CLASS = YES_ERROR;
				CLANG_WARN_RANGE_LOOP_ANALYSIS = YES;
				CLANG_WARN_STRICT_PROTOTYPES = YES;
				CLANG_WARN_SUSPICIOUS_MOVE = YES;
				CLANG_WARN_UNGUARDED_AVAILABILITY = YES_AGGRESSIVE;
				CLANG_WARN_UNREACHABLE_CODE = YES;
				CLANG_WARN__DUPLICATE_METHOD_MATCH = YES;
				CODE_SIGN_IDENTITY = "iPhone Developer";
				COPY_PHASE_STRIP = NO;
				DEBUG_INFORMATION_FORMAT = dwarf;
				ENABLE_STRICT_OBJC_MSGSEND = YES;
				ENABLE_TESTABILITY = YES;
				GCC_C_LANGUAGE_STANDARD = gnu11;
				GCC_DYNAMIC_NO_PIC = NO;
				GCC_NO_COMMON_BLOCKS = YES;
				GCC_OPTIMIZATION_LEVEL = 0;
				GCC_PREPROCESSOR_DEFINITIONS = (
					"DEBUG=1",
					"$(inherited)",
				);
				GCC_WARN_64_TO_32_BIT_CONVERSION = YES;
				GCC_WARN_ABOUT_RETURN_TYPE = YES_ERROR;
				GCC_WARN_UNDECLARED_SELECTOR = YES;
				GCC_WARN_UNINITIALIZED_AUTOS = YES_AGGRESSIVE;
				GCC_WARN_UNUSED_FUNCTION = YES;
				GCC_WARN_UNUSED_VARIABLE = YES;
				IPHONEOS_DEPLOYMENT_TARGET = 11.2;
				MTL_ENABLE_DEBUG_INFO = YES;
				ONLY_ACTIVE_ARCH = YES;
				SDKROOT = iphoneos;
				SWIFT_ACTIVE_COMPILATION_CONDITIONS = DEBUG;
				SWIFT_OPTIMIZATION_LEVEL = "-Onone";
			};
			name = Debug;
		};
		D39B93A1201F01FF0032DC42 /* Release */ = {
			isa = XCBuildConfiguration;
			buildSettings = {
				ALWAYS_SEARCH_USER_PATHS = NO;
				CLANG_ANALYZER_NONNULL = YES;
				CLANG_ANALYZER_NUMBER_OBJECT_CONVERSION = YES_AGGRESSIVE;
				CLANG_CXX_LANGUAGE_STANDARD = "gnu++14";
				CLANG_CXX_LIBRARY = "libc++";
				CLANG_ENABLE_MODULES = YES;
				CLANG_ENABLE_OBJC_ARC = YES;
				CLANG_WARN_BLOCK_CAPTURE_AUTORELEASING = YES;
				CLANG_WARN_BOOL_CONVERSION = YES;
				CLANG_WARN_COMMA = YES;
				CLANG_WARN_CONSTANT_CONVERSION = YES;
				CLANG_WARN_DIRECT_OBJC_ISA_USAGE = YES_ERROR;
				CLANG_WARN_DOCUMENTATION_COMMENTS = YES;
				CLANG_WARN_EMPTY_BODY = YES;
				CLANG_WARN_ENUM_CONVERSION = YES;
				CLANG_WARN_INFINITE_RECURSION = YES;
				CLANG_WARN_INT_CONVERSION = YES;
				CLANG_WARN_NON_LITERAL_NULL_CONVERSION = YES;
				CLANG_WARN_OBJC_LITERAL_CONVERSION = YES;
				CLANG_WARN_OBJC_ROOT_CLASS = YES_ERROR;
				CLANG_WARN_RANGE_LOOP_ANALYSIS = YES;
				CLANG_WARN_STRICT_PROTOTYPES = YES;
				CLANG_WARN_SUSPICIOUS_MOVE = YES;
				CLANG_WARN_UNGUARDED_AVAILABILITY = YES_AGGRESSIVE;
				CLANG_WARN_UNREACHABLE_CODE = YES;
				CLANG_WARN__DUPLICATE_METHOD_MATCH = YES;
				CODE_SIGN_IDENTITY = "iPhone Developer";
				COPY_PHASE_STRIP = NO;
				DEBUG_INFORMATION_FORMAT = "dwarf-with-dsym";
				ENABLE_NS_ASSERTIONS = NO;
				ENABLE_STRICT_OBJC_MSGSEND = YES;
				GCC_C_LANGUAGE_STANDARD = gnu11;
				GCC_NO_COMMON_BLOCKS = YES;
				GCC_WARN_64_TO_32_BIT_CONVERSION = YES;
				GCC_WARN_ABOUT_RETURN_TYPE = YES_ERROR;
				GCC_WARN_UNDECLARED_SELECTOR = YES;
				GCC_WARN_UNINITIALIZED_AUTOS = YES_AGGRESSIVE;
				GCC_WARN_UNUSED_FUNCTION = YES;
				GCC_WARN_UNUSED_VARIABLE = YES;
				IPHONEOS_DEPLOYMENT_TARGET = 11.2;
				MTL_ENABLE_DEBUG_INFO = NO;
				SDKROOT = iphoneos;
				SWIFT_OPTIMIZATION_LEVEL = "-Owholemodule";
				VALIDATE_PRODUCT = YES;
			};
			name = Release;
		};
		D39B93A3201F01FF0032DC42 /* Debug */ = {
			isa = XCBuildConfiguration;
			baseConfigurationReference = 476D483DB097CF4980BE7074 /* Pods-Flix.debug.xcconfig */;
			buildSettings = {
				ASSETCATALOG_COMPILER_APPICON_NAME = AppIcon;
				CODE_SIGN_STYLE = Automatic;
				DEVELOPMENT_TEAM = MFYY5N8ZZY;
				INFOPLIST_FILE = Flix/Info.plist;
				LD_RUNPATH_SEARCH_PATHS = "$(inherited) @executable_path/Frameworks";
				PRODUCT_BUNDLE_IDENTIFIER = com.albinencio.Flix;
				PRODUCT_NAME = "$(TARGET_NAME)";
				SWIFT_VERSION = 4.0;
				TARGETED_DEVICE_FAMILY = "1,2";
			};
			name = Debug;
		};
		D39B93A4201F01FF0032DC42 /* Release */ = {
			isa = XCBuildConfiguration;
			baseConfigurationReference = 0A5058E8E0B7C33ADE74F911 /* Pods-Flix.release.xcconfig */;
			buildSettings = {
				ASSETCATALOG_COMPILER_APPICON_NAME = AppIcon;
				CODE_SIGN_STYLE = Automatic;
				DEVELOPMENT_TEAM = MFYY5N8ZZY;
				INFOPLIST_FILE = Flix/Info.plist;
				LD_RUNPATH_SEARCH_PATHS = "$(inherited) @executable_path/Frameworks";
				PRODUCT_BUNDLE_IDENTIFIER = com.albinencio.Flix;
				PRODUCT_NAME = "$(TARGET_NAME)";
				SWIFT_VERSION = 4.0;
				TARGETED_DEVICE_FAMILY = "1,2";
			};
			name = Release;
		};
		D39B93A6201F01FF0032DC42 /* Debug */ = {
			isa = XCBuildConfiguration;
			baseConfigurationReference = 4E474184B877304E457D1FEC /* Pods-FlixTests.debug.xcconfig */;
			buildSettings = {
				ALWAYS_EMBED_SWIFT_STANDARD_LIBRARIES = YES;
				BUNDLE_LOADER = "$(TEST_HOST)";
				CODE_SIGN_STYLE = Automatic;
				DEVELOPMENT_TEAM = MFYY5N8ZZY;
				INFOPLIST_FILE = FlixTests/Info.plist;
				LD_RUNPATH_SEARCH_PATHS = "$(inherited) @executable_path/Frameworks @loader_path/Frameworks";
				PRODUCT_BUNDLE_IDENTIFIER = com.albinencio.FlixTests;
				PRODUCT_NAME = "$(TARGET_NAME)";
				SWIFT_VERSION = 4.0;
				TARGETED_DEVICE_FAMILY = "1,2";
				TEST_HOST = "$(BUILT_PRODUCTS_DIR)/Flix.app/Flix";
			};
			name = Debug;
		};
		D39B93A7201F01FF0032DC42 /* Release */ = {
			isa = XCBuildConfiguration;
			baseConfigurationReference = 5F22CAC24468D6570499857E /* Pods-FlixTests.release.xcconfig */;
			buildSettings = {
				ALWAYS_EMBED_SWIFT_STANDARD_LIBRARIES = YES;
				BUNDLE_LOADER = "$(TEST_HOST)";
				CODE_SIGN_STYLE = Automatic;
				DEVELOPMENT_TEAM = MFYY5N8ZZY;
				INFOPLIST_FILE = FlixTests/Info.plist;
				LD_RUNPATH_SEARCH_PATHS = "$(inherited) @executable_path/Frameworks @loader_path/Frameworks";
				PRODUCT_BUNDLE_IDENTIFIER = com.albinencio.FlixTests;
				PRODUCT_NAME = "$(TARGET_NAME)";
				SWIFT_VERSION = 4.0;
				TARGETED_DEVICE_FAMILY = "1,2";
				TEST_HOST = "$(BUILT_PRODUCTS_DIR)/Flix.app/Flix";
			};
			name = Release;
		};
		D39B93A9201F01FF0032DC42 /* Debug */ = {
			isa = XCBuildConfiguration;
			baseConfigurationReference = 4D452FC735F4DAAE041A41A2 /* Pods-FlixUITests.debug.xcconfig */;
			buildSettings = {
				ALWAYS_EMBED_SWIFT_STANDARD_LIBRARIES = YES;
				CODE_SIGN_STYLE = Automatic;
				DEVELOPMENT_TEAM = MFYY5N8ZZY;
				INFOPLIST_FILE = FlixUITests/Info.plist;
				LD_RUNPATH_SEARCH_PATHS = "$(inherited) @executable_path/Frameworks @loader_path/Frameworks";
				PRODUCT_BUNDLE_IDENTIFIER = com.albinencio.FlixUITests;
				PRODUCT_NAME = "$(TARGET_NAME)";
				SWIFT_VERSION = 4.0;
				TARGETED_DEVICE_FAMILY = "1,2";
				TEST_TARGET_NAME = Flix;
			};
			name = Debug;
		};
		D39B93AA201F01FF0032DC42 /* Release */ = {
			isa = XCBuildConfiguration;
			baseConfigurationReference = 551BEBAE1BE0B9482747C5B2 /* Pods-FlixUITests.release.xcconfig */;
			buildSettings = {
				ALWAYS_EMBED_SWIFT_STANDARD_LIBRARIES = YES;
				CODE_SIGN_STYLE = Automatic;
				DEVELOPMENT_TEAM = MFYY5N8ZZY;
				INFOPLIST_FILE = FlixUITests/Info.plist;
				LD_RUNPATH_SEARCH_PATHS = "$(inherited) @executable_path/Frameworks @loader_path/Frameworks";
				PRODUCT_BUNDLE_IDENTIFIER = com.albinencio.FlixUITests;
				PRODUCT_NAME = "$(TARGET_NAME)";
				SWIFT_VERSION = 4.0;
				TARGETED_DEVICE_FAMILY = "1,2";
				TEST_TARGET_NAME = Flix;
			};
			name = Release;
		};
/* End XCBuildConfiguration section */

/* Begin XCConfigurationList section */
		D39B9375201F01FF0032DC42 /* Build configuration list for PBXProject "Flix" */ = {
			isa = XCConfigurationList;
			buildConfigurations = (
				D39B93A0201F01FF0032DC42 /* Debug */,
				D39B93A1201F01FF0032DC42 /* Release */,
			);
			defaultConfigurationIsVisible = 0;
			defaultConfigurationName = Release;
		};
		D39B93A2201F01FF0032DC42 /* Build configuration list for PBXNativeTarget "Flix" */ = {
			isa = XCConfigurationList;
			buildConfigurations = (
				D39B93A3201F01FF0032DC42 /* Debug */,
				D39B93A4201F01FF0032DC42 /* Release */,
			);
			defaultConfigurationIsVisible = 0;
			defaultConfigurationName = Release;
		};
		D39B93A5201F01FF0032DC42 /* Build configuration list for PBXNativeTarget "FlixTests" */ = {
			isa = XCConfigurationList;
			buildConfigurations = (
				D39B93A6201F01FF0032DC42 /* Debug */,
				D39B93A7201F01FF0032DC42 /* Release */,
			);
			defaultConfigurationIsVisible = 0;
			defaultConfigurationName = Release;
		};
		D39B93A8201F01FF0032DC42 /* Build configuration list for PBXNativeTarget "FlixUITests" */ = {
			isa = XCConfigurationList;
			buildConfigurations = (
				D39B93A9201F01FF0032DC42 /* Debug */,
				D39B93AA201F01FF0032DC42 /* Release */,
			);
			defaultConfigurationIsVisible = 0;
			defaultConfigurationName = Release;
		};
/* End XCConfigurationList section */
	};
	rootObject = D39B9372201F01FF0032DC42 /* Project object */;
}
